{
  "requires": true,
  "lockfileVersion": 1,
  "dependencies": {
    "@angular/cdk": {
      "version": "github:angular/cdk-builds#f0a7fcc659198ed943115cbc5007bedf5c54c2f9",
      "requires": {
        "tslib": "1.8.0"
      }
    },
    "@angular/material": {
      "version": "github:angular/material2-builds#1152d219d529285839bfccb183b3b2b5e78790ab",
      "requires": {
        "tslib": "1.8.0"
      }
    },
    "tslib": {
      "version": "1.8.0",
      "resolved": "https://registry.npmjs.org/tslib/-/tslib-1.8.0.tgz",
      "integrity": "sha512-ymKWWZJST0/CkgduC2qkzjMOWr4bouhuURNXCn/inEX0L57BnRG6FhX76o7FOnsjHazCjfU2LKeSrlS2sIKQJg=="
    }
  }
}
