{
  "requires": true,
  "lockfileVersion": 1,
  "dependencies": {
    "@swimlane/ngx-datatable": {
      "version": "11.1.7",
      "resolved": "https://registry.npmjs.org/@swimlane/ngx-datatable/-/ngx-datatable-11.1.7.tgz",
      "integrity": "sha512-TMDN26Q4J+Sh+OPqAx8BK5Q/3hAAmcTAUQ9wvC9nboSOAmYUaHGz8t21yGdeUtRtunIfMpjTnwLa+X2Pfoq42w=="
    }
  }
}
