
Microsoft Visual Studio Solution File, Format Version 12.00
# Visual Studio 15
VisualStudioVersion = 15.0.27004.2002
MinimumVisualStudioVersion = 10.0.40219.1
Project("{FAE04EC0-301F-11D3-BF4B-00C04F79EFBC}") = "SkeletaWeb", "SkeletaWeb\SkeletaWeb.csproj", "{2D8F999F-B593-44ED-8A24-C5466414E843}"
EndProject
Project("{FAE04EC0-301F-11D3-BF4B-00C04F79EFBC}") = "SkeletaDAL", "SkeletaDAL\SkeletaDAL.csproj", "{51F03ABB-A376-4A0B-91EF-5ED1603CE31B}"
EndProject
Global
	GlobalSection(SolutionConfigurationPlatforms) = preSolution
		Debug|Any CPU = Debug|Any CPU
		Release|Any CPU = Release|Any CPU
	EndGlobalSection
	GlobalSection(ProjectConfigurationPlatforms) = postSolution
		{2D8F999F-B593-44ED-8A24-C5466414E843}.Debug|Any CPU.ActiveCfg = Debug|Any CPU
		{2D8F999F-B593-44ED-8A24-C5466414E843}.Debug|Any CPU.Build.0 = Debug|Any CPU
		{2D8F999F-B593-44ED-8A24-C5466414E843}.Release|Any CPU.ActiveCfg = Release|Any CPU
		{2D8F999F-B593-44ED-8A24-C5466414E843}.Release|Any CPU.Build.0 = Release|Any CPU
		{51F03ABB-A376-4A0B-91EF-5ED1603CE31B}.Debug|Any CPU.ActiveCfg = Debug|Any CPU
		{51F03ABB-A376-4A0B-91EF-5ED1603CE31B}.Debug|Any CPU.Build.0 = Debug|Any CPU
		{51F03ABB-A376-4A0B-91EF-5ED1603CE31B}.Release|Any CPU.ActiveCfg = Release|Any CPU
		{51F03ABB-A376-4A0B-91EF-5ED1603CE31B}.Release|Any CPU.Build.0 = Release|Any CPU
	EndGlobalSection
	GlobalSection(SolutionProperties) = preSolution
		HideSolutionNode = FALSE
	EndGlobalSection
	GlobalSection(ExtensibilityGlobals) = postSolution
		SolutionGuid = {788BD66E-419B-4746-B1F4-60A1782C732C}
	EndGlobalSection
EndGlobal
